
Microsoft Visual Studio Solution File, Format Version 12.00
# Visual Studio Version 16
VisualStudioVersion = 16.0.31829.152
MinimumVisualStudioVersion = 10.0.40219.1
Project("{9A19103F-16F7-4668-BE54-9A1E7A4F7556}") = "SampleApi", "SampleApi.csproj", "{ABF318A2-F80E-4C34-9012-DEBB1721567B}"
EndProject
Project("{FAE04EC0-301F-11D3-BF4B-00C04F79EFBC}") = "SampleBll", "..\SampleBll\SampleBll.csproj", "{53E130EB-3E41-45B6-9084-71C2E7D911E8}"
EndProject
Project("{FAE04EC0-301F-11D3-BF4B-00C04F79EFBC}") = "SampleDAL", "..\SampleDAL\SampleDAL.csproj", "{FDA6E465-6B0D-4E9E-8CFB-47A6DA21153C}"
EndProject
Global
	GlobalSection(SolutionConfigurationPlatforms) = preSolution
		Debug|Any CPU = Debug|Any CPU
		Release|Any CPU = Release|Any CPU
	EndGlobalSection
	GlobalSection(ProjectConfigurationPlatforms) = postSolution
		{ABF318A2-F80E-4C34-9012-DEBB1721567B}.Debug|Any CPU.ActiveCfg = Debug|Any CPU
		{ABF318A2-F80E-4C34-9012-DEBB1721567B}.Debug|Any CPU.Build.0 = Debug|Any CPU
		{ABF318A2-F80E-4C34-9012-DEBB1721567B}.Release|Any CPU.ActiveCfg = Release|Any CPU
		{ABF318A2-F80E-4C34-9012-DEBB1721567B}.Release|Any CPU.Build.0 = Release|Any CPU
		{53E130EB-3E41-45B6-9084-71C2E7D911E8}.Debug|Any CPU.ActiveCfg = Debug|Any CPU
		{53E130EB-3E41-45B6-9084-71C2E7D911E8}.Debug|Any CPU.Build.0 = Debug|Any CPU
		{53E130EB-3E41-45B6-9084-71C2E7D911E8}.Release|Any CPU.ActiveCfg = Release|Any CPU
		{53E130EB-3E41-45B6-9084-71C2E7D911E8}.Release|Any CPU.Build.0 = Release|Any CPU
		{FDA6E465-6B0D-4E9E-8CFB-47A6DA21153C}.Debug|Any CPU.ActiveCfg = Debug|Any CPU
		{FDA6E465-6B0D-4E9E-8CFB-47A6DA21153C}.Debug|Any CPU.Build.0 = Debug|Any CPU
		{FDA6E465-6B0D-4E9E-8CFB-47A6DA21153C}.Release|Any CPU.ActiveCfg = Release|Any CPU
		{FDA6E465-6B0D-4E9E-8CFB-47A6DA21153C}.Release|Any CPU.Build.0 = Release|Any CPU
	EndGlobalSection
	GlobalSection(SolutionProperties) = preSolution
		HideSolutionNode = FALSE
	EndGlobalSection
	GlobalSection(ExtensibilityGlobals) = postSolution
		SolutionGuid = {A99EF8B0-FF5F-47A3-9579-1F9EDC211C38}
	EndGlobalSection
EndGlobal
